{
  "name": "fractal-figments",
  "lockfileVersion": 3,
  "requires": true,
  "packages": {
    "": {
      "dependencies": {
        "p5": "^1.9.3"
      }
    },
    "node_modules/p5": {
      "version": "1.9.3",
      "resolved": "https://registry.npmjs.org/p5/-/p5-1.9.3.tgz",
      "integrity": "sha512-RnLMqejKJ9ZmBlUpCnVLYF1UnV/NnC13MfOSZdvJXTRH1eQkBQkUVCw5rkyRWE6chI4t5KvIJsZZnFzmGJEgag=="
    }
  }
}
